<?xml version="1.0" encoding="UTF-8" standalone="yes" ?>
<CodeBlocks_project_file>
	<FileVersion major="1" minor="6" />
	<Project>
		<Option title="figh" />
		<Option pch_mode="2" />
		<Option compiler="gcc" />
		<Build>
			<Target title="Debug">
				<Option output="bin/Debug/figh" prefix_auto="1" extension_auto="1" />
				<Option object_output="obj/Debug/" />
				<Option type="0" />
				<Option compiler="gcc" />
				<Compiler>
					<Add option="-g" />
					<Add directory="include" />
				</Compiler>
				<Linker>
					<Add library="sfml-graphics-d" />
					<Add library="sfml-window-d" />
					<Add library="sfml-system" />
					<Add library="sfml-audio-d" />
				</Linker>
			</Target>
			<Target title="Release">
				<Option output="bin/Release/figh" prefix_auto="1" extension_auto="1" />
				<Option object_output="obj/Release/" />
				<Option type="1" />
				<Option compiler="gcc" />
				<Compiler>
					<Add option="-O2" />
					<Add directory="include" />
				</Compiler>
				<Linker>
					<Add option="-s" />
					<Add library="sfml-graphics" />
					<Add library="sfml-window" />
					<Add library="sfml-system" />
					<Add library="sfml-audio" />
				</Linker>
			</Target>
		</Build>
		<Compiler>
			<Add option="-Wall" />
			<Add option="-fexceptions" />
			<Add directory="../../SFML-2.4.2/include" />
		</Compiler>
		<Linker>
			<Add directory="../../SFML-2.4.2/lib" />
		</Linker>
		<Unit filename="include/Back.h" />
		<Unit filename="include/Bullet.h" />
		<Unit filename="include/Enemy.h" />
		<Unit filename="include/Hero.h" />
		<Unit filename="include/Music.h" />
		<Unit filename="include/World.h" />
		<Unit filename="main.cpp" />
		<Unit filename="src/Back.cpp" />
		<Unit filename="src/Bullet.cpp" />
		<Unit filename="src/Enemy.cpp" />
		<Unit filename="src/Hero.cpp" />
		<Unit filename="src/Music.cpp" />
		<Unit filename="src/World.cpp" />
		<Extensions>
			<code_completion />
			<envvars />
			<debugger />
			<lib_finder disable_auto="1" />
		</Extensions>
	</Project>
</CodeBlocks_project_file>
