<?xml version="1.0" encoding="utf-8"?>
<Project ToolsVersion="4.0" xmlns="http://schemas.microsoft.com/developer/msbuild/2003">
  <ItemGroup>
    <Filter Include="源文件">
      <UniqueIdentifier>{4FC737F1-C7A5-4376-A066-2A32D752A2FF}</UniqueIdentifier>
      <Extensions>cpp;c;cc;cxx;def;odl;idl;hpj;bat;asm;asmx</Extensions>
    </Filter>
    <Filter Include="头文件">
      <UniqueIdentifier>{93995380-89BD-4b04-88EB-625FBE52EBFB}</UniqueIdentifier>
      <Extensions>h;hh;hpp;hxx;hm;inl;inc;xsd</Extensions>
    </Filter>
    <Filter Include="资源文件">
      <UniqueIdentifier>{67DA6AB6-F800-4c08-8B7A-83BB121AAD01}</UniqueIdentifier>
      <Extensions>rc;ico;cur;bmp;dlg;rc2;rct;bin;rgs;gif;jpg;jpeg;jpe;resx;tiff;tif;png;wav;mfcribbon-ms</Extensions>
    </Filter>
  </ItemGroup>
  <ItemGroup>
    <Text Include="ReadMe.txt" />
  </ItemGroup>
  <ItemGroup>
    <ClInclude Include="stdafx.h">
      <Filter>头文件</Filter>
    </ClInclude>
    <ClInclude Include="targetver.h">
      <Filter>头文件</Filter>
    </ClInclude>
    <ClInclude Include="Game.h">
      <Filter>头文件</Filter>
    </ClInclude>
    <ClInclude Include="My_plane.h">
      <Filter>头文件</Filter>
    </ClInclude>
    <ClInclude Include="Object_manage.h">
      <Filter>头文件</Filter>
    </ClInclude>
    <ClInclude Include="MyBullet.h">
      <Filter>头文件</Filter>
    </ClInclude>
    <ClInclude Include="Enermy.h">
      <Filter>头文件</Filter>
    </ClInclude>
    <ClInclude Include="Explode.h">
      <Filter>头文件</Filter>
    </ClInclude>
    <ClInclude Include="Enermy_Bullet.h">
      <Filter>头文件</Filter>
    </ClInclude>
    <ClInclude Include="resource.h">
      <Filter>头文件</Filter>
    </ClInclude>
    <ClInclude Include="MyPlane_explode.h">
      <Filter>头文件</Filter>
    </ClInclude>
    <ClInclude Include="Explode_enermy.h">
      <Filter>头文件</Filter>
    </ClInclude>
    <ClInclude Include="background.h">
      <Filter>头文件</Filter>
    </ClInclude>
    <ClInclude Include="Resolve_interface.h">
      <Filter>头文件</Filter>
    </ClInclude>
    <ClInclude Include="start_interface.h">
      <Filter>头文件</Filter>
    </ClInclude>
    <ClInclude Include="Fly_BUlllet.h">
      <Filter>头文件</Filter>
    </ClInclude>
    <ClInclude Include="Quicker_killer.h">
      <Filter>头文件</Filter>
    </ClInclude>
    <ClInclude Include="rocket.h">
      <Filter>头文件</Filter>
    </ClInclude>
  </ItemGroup>
  <ItemGroup>
    <ClCompile Include="stdafx.cpp">
      <Filter>源文件</Filter>
    </ClCompile>
    <ClCompile Include="fighter.cpp">
      <Filter>源文件</Filter>
    </ClCompile>
    <ClCompile Include="My_plane.cpp">
      <Filter>源文件</Filter>
    </ClCompile>
    <ClCompile Include="Object_manage.cpp">
      <Filter>源文件</Filter>
    </ClCompile>
    <ClCompile Include="MyBullet.cpp">
      <Filter>源文件</Filter>
    </ClCompile>
    <ClCompile Include="Enermy.cpp">
      <Filter>源文件</Filter>
    </ClCompile>
    <ClCompile Include="Explode.cpp">
      <Filter>源文件</Filter>
    </ClCompile>
    <ClCompile Include="Enermy_Bullet.cpp">
      <Filter>源文件</Filter>
    </ClCompile>
    <ClCompile Include="MyPlane_explode.cpp">
      <Filter>源文件</Filter>
    </ClCompile>
    <ClCompile Include="Explode_enermy.cpp">
      <Filter>源文件</Filter>
    </ClCompile>
    <ClCompile Include="background.cpp">
      <Filter>源文件</Filter>
    </ClCompile>
    <ClCompile Include="Resolve_interface.cpp">
      <Filter>源文件</Filter>
    </ClCompile>
    <ClCompile Include="start_interface.cpp">
      <Filter>源文件</Filter>
    </ClCompile>
    <ClCompile Include="Fly_BUlllet.cpp">
      <Filter>源文件</Filter>
    </ClCompile>
    <ClCompile Include="Quicker_killer.cpp">
      <Filter>源文件</Filter>
    </ClCompile>
    <ClCompile Include="rocket.cpp">
      <Filter>源文件</Filter>
    </ClCompile>
  </ItemGroup>
  <ItemGroup>
    <ResourceCompile Include="fighter.rc">
      <Filter>资源文件</Filter>
    </ResourceCompile>
  </ItemGroup>
</Project>